
Microsoft Visual Studio Solution File, Format Version 12.00
# Visual Studio Version 16
VisualStudioVersion = 16.0.31729.503
MinimumVisualStudioVersion = 10.0.40219.1
Project("{FAE04EC0-301F-11D3-BF4B-00C04F79EFBC}") = "Crypto_system_17180", "Crypto_system_17180\Crypto_system_17180.csproj", "{4AC0DFD0-C228-4A5B-AE92-9E36FF39FB90}"
EndProject
Global
	GlobalSection(SolutionConfigurationPlatforms) = preSolution
		Debug|Any CPU = Debug|Any CPU
		Release|Any CPU = Release|Any CPU
	EndGlobalSection
	GlobalSection(ProjectConfigurationPlatforms) = postSolution
		{4AC0DFD0-C228-4A5B-AE92-9E36FF39FB90}.Debug|Any CPU.ActiveCfg = Debug|Any CPU
		{4AC0DFD0-C228-4A5B-AE92-9E36FF39FB90}.Debug|Any CPU.Build.0 = Debug|Any CPU
		{4AC0DFD0-C228-4A5B-AE92-9E36FF39FB90}.Release|Any CPU.ActiveCfg = Release|Any CPU
		{4AC0DFD0-C228-4A5B-AE92-9E36FF39FB90}.Release|Any CPU.Build.0 = Release|Any CPU
	EndGlobalSection
	GlobalSection(SolutionProperties) = preSolution
		HideSolutionNode = FALSE
	EndGlobalSection
	GlobalSection(ExtensibilityGlobals) = postSolution
		SolutionGuid = {56804DE9-1AD8-4FDC-AAD8-608E06507C22}
	EndGlobalSection
EndGlobal
